
Microsoft Visual Studio Solution File, Format Version 12.00
# Visual Studio Version 16
VisualStudioVersion = 16.0.29326.143
MinimumVisualStudioVersion = 10.0.40219.1
Project("{FAE04EC0-301F-11D3-BF4B-00C04F79EFBC}") = "WebApplication4", "WebApplication4.csproj", "{6C03CD2B-345C-4801-B558-83CBEE4040BD}"
EndProject
Global
	GlobalSection(SolutionConfigurationPlatforms) = preSolution
		Debug|Any CPU = Debug|Any CPU
		Release|Any CPU = Release|Any CPU
	EndGlobalSection
	GlobalSection(ProjectConfigurationPlatforms) = postSolution
		{6C03CD2B-345C-4801-B558-83CBEE4040BD}.Debug|Any CPU.ActiveCfg = Debug|Any CPU
		{6C03CD2B-345C-4801-B558-83CBEE4040BD}.Debug|Any CPU.Build.0 = Debug|Any CPU
		{6C03CD2B-345C-4801-B558-83CBEE4040BD}.Release|Any CPU.ActiveCfg = Release|Any CPU
		{6C03CD2B-345C-4801-B558-83CBEE4040BD}.Release|Any CPU.Build.0 = Release|Any CPU
	EndGlobalSection
	GlobalSection(SolutionProperties) = preSolution
		HideSolutionNode = FALSE
	EndGlobalSection
	GlobalSection(ExtensibilityGlobals) = postSolution
		SolutionGuid = {E95DA535-318E-402B-A2AC-48EE72CD8BFA}
	EndGlobalSection
EndGlobal
